
Microsoft Visual Studio Solution File, Format Version 12.00
# Visual Studio Version 17
VisualStudioVersion = 17.5.33424.131
MinimumVisualStudioVersion = 10.0.40219.1
Project("{9A19103F-16F7-4668-BE54-9A1E7A4F7556}") = "Web", "Web\Web.csproj", "{B9AB38DE-20A7-4415-98EB-25635388A77D}"
EndProject
Project("{9A19103F-16F7-4668-BE54-9A1E7A4F7556}") = "Api", "Api\Api.csproj", "{F994F45E-A694-48EC-85E2-ADF7ADBA4F76}"
EndProject
Project("{9A19103F-16F7-4668-BE54-9A1E7A4F7556}") = "Web.Data", "Web.Data\Web.Data.csproj", "{CF5D6D88-8F1D-41DF-83F8-E4E90FCFD4B7}"
EndProject
Project("{9A19103F-16F7-4668-BE54-9A1E7A4F7556}") = "Commons", "Commons\Commons.csproj", "{F69D2393-FA1B-4DBB-BC60-733C800D7B3E}"
EndProject
Global
	GlobalSection(SolutionConfigurationPlatforms) = preSolution
		Debug|Any CPU = Debug|Any CPU
		Release|Any CPU = Release|Any CPU
	EndGlobalSection
	GlobalSection(ProjectConfigurationPlatforms) = postSolution
		{B9AB38DE-20A7-4415-98EB-25635388A77D}.Debug|Any CPU.ActiveCfg = Debug|Any CPU
		{B9AB38DE-20A7-4415-98EB-25635388A77D}.Debug|Any CPU.Build.0 = Debug|Any CPU
		{B9AB38DE-20A7-4415-98EB-25635388A77D}.Release|Any CPU.ActiveCfg = Release|Any CPU
		{B9AB38DE-20A7-4415-98EB-25635388A77D}.Release|Any CPU.Build.0 = Release|Any CPU
		{F994F45E-A694-48EC-85E2-ADF7ADBA4F76}.Debug|Any CPU.ActiveCfg = Debug|Any CPU
		{F994F45E-A694-48EC-85E2-ADF7ADBA4F76}.Debug|Any CPU.Build.0 = Debug|Any CPU
		{F994F45E-A694-48EC-85E2-ADF7ADBA4F76}.Release|Any CPU.ActiveCfg = Release|Any CPU
		{F994F45E-A694-48EC-85E2-ADF7ADBA4F76}.Release|Any CPU.Build.0 = Release|Any CPU
		{CF5D6D88-8F1D-41DF-83F8-E4E90FCFD4B7}.Debug|Any CPU.ActiveCfg = Debug|Any CPU
		{CF5D6D88-8F1D-41DF-83F8-E4E90FCFD4B7}.Debug|Any CPU.Build.0 = Debug|Any CPU
		{CF5D6D88-8F1D-41DF-83F8-E4E90FCFD4B7}.Release|Any CPU.ActiveCfg = Release|Any CPU
		{CF5D6D88-8F1D-41DF-83F8-E4E90FCFD4B7}.Release|Any CPU.Build.0 = Release|Any CPU
		{F69D2393-FA1B-4DBB-BC60-733C800D7B3E}.Debug|Any CPU.ActiveCfg = Debug|Any CPU
		{F69D2393-FA1B-4DBB-BC60-733C800D7B3E}.Debug|Any CPU.Build.0 = Debug|Any CPU
		{F69D2393-FA1B-4DBB-BC60-733C800D7B3E}.Release|Any CPU.ActiveCfg = Release|Any CPU
		{F69D2393-FA1B-4DBB-BC60-733C800D7B3E}.Release|Any CPU.Build.0 = Release|Any CPU
	EndGlobalSection
	GlobalSection(SolutionProperties) = preSolution
		HideSolutionNode = FALSE
	EndGlobalSection
	GlobalSection(ExtensibilityGlobals) = postSolution
		SolutionGuid = {CED959FB-14D6-4AE1-BDE1-AD35013BD7F4}
	EndGlobalSection
EndGlobal
